
Microsoft Visual Studio Solution File, Format Version 12.00
# Visual Studio 2015
Project("{FAE04EC0-301F-11D3-BF4B-00C04F79EFBC}") = "GameHub370.CSharp", "GameHub370.CSharp.csproj", "{DD15F3E2-D85B-EF90-BD64-42C7B5556A70}"
EndProject
Global
	GlobalSection(SolutionConfigurationPlatforms) = preSolution
		Debug|Any CPU = Debug|Any CPU
		Release|Any CPU = Release|Any CPU
	EndGlobalSection
	GlobalSection(ProjectConfigurationPlatforms) = postSolution
		{DD15F3E2-D85B-EF90-BD64-42C7B5556A70}.Debug|Any CPU.ActiveCfg = Debug|Any CPU
		{DD15F3E2-D85B-EF90-BD64-42C7B5556A70}.Debug|Any CPU.Build.0 = Debug|Any CPU
		{DD15F3E2-D85B-EF90-BD64-42C7B5556A70}.Release|Any CPU.ActiveCfg = Release|Any CPU
		{DD15F3E2-D85B-EF90-BD64-42C7B5556A70}.Release|Any CPU.Build.0 = Release|Any CPU
	EndGlobalSection
	GlobalSection(SolutionProperties) = preSolution
		HideSolutionNode = FALSE
	EndGlobalSection
EndGlobal
